
Microsoft Visual Studio Solution File, Format Version 12.00
# Visual Studio Version 17
VisualStudioVersion = 17.1.32210.238
MinimumVisualStudioVersion = 10.0.40219.1
Project("{FAE04EC0-301F-11D3-BF4B-00C04F79EFBC}") = "Authentication_window", "Authentication_window\Authentication_window.csproj", "{2510D0C4-79BD-4358-B4BE-BC04E57161CD}"
EndProject
Global
	GlobalSection(SolutionConfigurationPlatforms) = preSolution
		Debug|Any CPU = Debug|Any CPU
		Release|Any CPU = Release|Any CPU
	EndGlobalSection
	GlobalSection(ProjectConfigurationPlatforms) = postSolution
		{2510D0C4-79BD-4358-B4BE-BC04E57161CD}.Debug|Any CPU.ActiveCfg = Debug|Any CPU
		{2510D0C4-79BD-4358-B4BE-BC04E57161CD}.Debug|Any CPU.Build.0 = Debug|Any CPU
		{2510D0C4-79BD-4358-B4BE-BC04E57161CD}.Release|Any CPU.ActiveCfg = Release|Any CPU
		{2510D0C4-79BD-4358-B4BE-BC04E57161CD}.Release|Any CPU.Build.0 = Release|Any CPU
	EndGlobalSection
	GlobalSection(SolutionProperties) = preSolution
		HideSolutionNode = FALSE
	EndGlobalSection
	GlobalSection(ExtensibilityGlobals) = postSolution
		SolutionGuid = {A5EEB61D-8E85-477A-B610-AA67F33D79C8}
	EndGlobalSection
EndGlobal
